
Microsoft Visual Studio Solution File, Format Version 12.00
# Visual Studio Version 17
VisualStudioVersion = 17.10.35027.167
MinimumVisualStudioVersion = 10.0.40219.1
Project("{9A19103F-16F7-4668-BE54-9A1E7A4F7556}") = "helloworld", "1-helloworld\helloworld.csproj", "{1F4A232C-7426-4A46-A989-7FBBB890EBB7}"
EndProject
Project("{9A19103F-16F7-4668-BE54-9A1E7A4F7556}") = "concatenanome", "2-concatenanome\concatenanome.csproj", "{8C81C35C-0D87-4252-A5B4-2C41024B5832}"
EndProject
Project("{9A19103F-16F7-4668-BE54-9A1E7A4F7556}") = "calculanumeros", "3-calculanumeros\calculanumeros.csproj", "{F1ED0325-3178-4A2C-B98E-75483BFF514F}"
EndProject
Project("{9A19103F-16F7-4668-BE54-9A1E7A4F7556}") = "caracterespalavra", "4-caracterespalavra\caracterespalavra.csproj", "{7E8484CA-C5BD-4CF7-9C07-5F087DE23D49}"
EndProject
Project("{9A19103F-16F7-4668-BE54-9A1E7A4F7556}") = "placaveiculos", "5-placaveiculos\placaveiculos.csproj", "{160F2486-25F5-49EF-A035-DE4ED9DC6C65}"
EndProject
Project("{9A19103F-16F7-4668-BE54-9A1E7A4F7556}") = "6-dataatual", "6-dataatual\6-dataatual.csproj", "{54FCBDA4-73AF-4911-914C-D60C84BEB5D0}"
EndProject
Global
	GlobalSection(SolutionConfigurationPlatforms) = preSolution
		Debug|Any CPU = Debug|Any CPU
		Release|Any CPU = Release|Any CPU
	EndGlobalSection
	GlobalSection(ProjectConfigurationPlatforms) = postSolution
		{1F4A232C-7426-4A46-A989-7FBBB890EBB7}.Debug|Any CPU.ActiveCfg = Debug|Any CPU
		{1F4A232C-7426-4A46-A989-7FBBB890EBB7}.Debug|Any CPU.Build.0 = Debug|Any CPU
		{1F4A232C-7426-4A46-A989-7FBBB890EBB7}.Release|Any CPU.ActiveCfg = Release|Any CPU
		{1F4A232C-7426-4A46-A989-7FBBB890EBB7}.Release|Any CPU.Build.0 = Release|Any CPU
		{8C81C35C-0D87-4252-A5B4-2C41024B5832}.Debug|Any CPU.ActiveCfg = Debug|Any CPU
		{8C81C35C-0D87-4252-A5B4-2C41024B5832}.Debug|Any CPU.Build.0 = Debug|Any CPU
		{8C81C35C-0D87-4252-A5B4-2C41024B5832}.Release|Any CPU.ActiveCfg = Release|Any CPU
		{8C81C35C-0D87-4252-A5B4-2C41024B5832}.Release|Any CPU.Build.0 = Release|Any CPU
		{F1ED0325-3178-4A2C-B98E-75483BFF514F}.Debug|Any CPU.ActiveCfg = Debug|Any CPU
		{F1ED0325-3178-4A2C-B98E-75483BFF514F}.Debug|Any CPU.Build.0 = Debug|Any CPU
		{F1ED0325-3178-4A2C-B98E-75483BFF514F}.Release|Any CPU.ActiveCfg = Release|Any CPU
		{F1ED0325-3178-4A2C-B98E-75483BFF514F}.Release|Any CPU.Build.0 = Release|Any CPU
		{7E8484CA-C5BD-4CF7-9C07-5F087DE23D49}.Debug|Any CPU.ActiveCfg = Debug|Any CPU
		{7E8484CA-C5BD-4CF7-9C07-5F087DE23D49}.Debug|Any CPU.Build.0 = Debug|Any CPU
		{7E8484CA-C5BD-4CF7-9C07-5F087DE23D49}.Release|Any CPU.ActiveCfg = Release|Any CPU
		{7E8484CA-C5BD-4CF7-9C07-5F087DE23D49}.Release|Any CPU.Build.0 = Release|Any CPU
		{160F2486-25F5-49EF-A035-DE4ED9DC6C65}.Debug|Any CPU.ActiveCfg = Debug|Any CPU
		{160F2486-25F5-49EF-A035-DE4ED9DC6C65}.Debug|Any CPU.Build.0 = Debug|Any CPU
		{160F2486-25F5-49EF-A035-DE4ED9DC6C65}.Release|Any CPU.ActiveCfg = Release|Any CPU
		{160F2486-25F5-49EF-A035-DE4ED9DC6C65}.Release|Any CPU.Build.0 = Release|Any CPU
		{54FCBDA4-73AF-4911-914C-D60C84BEB5D0}.Debug|Any CPU.ActiveCfg = Debug|Any CPU
		{54FCBDA4-73AF-4911-914C-D60C84BEB5D0}.Debug|Any CPU.Build.0 = Debug|Any CPU
		{54FCBDA4-73AF-4911-914C-D60C84BEB5D0}.Release|Any CPU.ActiveCfg = Release|Any CPU
		{54FCBDA4-73AF-4911-914C-D60C84BEB5D0}.Release|Any CPU.Build.0 = Release|Any CPU
	EndGlobalSection
	GlobalSection(SolutionProperties) = preSolution
		HideSolutionNode = FALSE
	EndGlobalSection
	GlobalSection(ExtensibilityGlobals) = postSolution
		SolutionGuid = {5EEE4876-257D-4919-8319-42A0543FAB59}
	EndGlobalSection
EndGlobal
